PODS:
  - Alamofire (4.5.1)
  - AlamofireImage (3.3.0):
    - Alamofire (~> 4.5)
  - Jukebox (0.2.1)
  - SnapKit (3.2.0)
  - SwiftyJSON (3.1.4)
  - Then (2.1.1)

DEPENDENCIES:
  - Alamofire
  - AlamofireImage
  - Jukebox
  - SnapKit (~> 3.2.0)
  - SwiftyJSON
  - Then

SPEC CHECKSUMS:
  Alamofire: 2d95912bf4c34f164fdfc335872e8c312acaea4a
  AlamofireImage: 2e784dc5d00f04903a52c1d169181469c805c3df
  Jukebox: 81db618ccd3a1cc9b154f4ae0f5c4b54638666dd
  SnapKit: 1ca44df72cfa543218d177cb8aab029d10d86ea7
  SwiftyJSON: c2842d878f95482ffceec5709abc3d05680c0220
  Then: 823a7503a851737269ba8d40e688b4db874dbd2d

PODFILE CHECKSUM: 0857e51ad1b71a16a403d9edb19a9ae0053d14f6

COCOAPODS: 1.3.1
